
Microsoft Visual Studio Solution File, Format Version 12.00
# Visual Studio Version 16
VisualStudioVersion = 16.0.30804.86
MinimumVisualStudioVersion = 10.0.40219.1
Project("{8BC9CEB8-8B4A-11D0-8D11-00A0C91BC942}") = "event-norace", "event-norace\event-norace.vcxproj", "{561C64FA-8307-4BED-A056-4E6741E6663A}"
EndProject
Project("{8BC9CEB8-8B4A-11D0-8D11-00A0C91BC942}") = "event-race", "event-race\event-race.vcxproj", "{D857C64D-120A-408C-8105-C47575E9167E}"
EndProject
Project("{8BC9CEB8-8B4A-11D0-8D11-00A0C91BC942}") = "mutex-norace", "mutex-norace\mutex-norace.vcxproj", "{BED3B828-C517-41D8-B0BF-50098B4186AF}"
EndProject
Project("{8BC9CEB8-8B4A-11D0-8D11-00A0C91BC942}") = "mutex-race", "mutex-race\mutex-race.vcxproj", "{5CE9B2FA-200A-4404-8344-E8BBB45871CE}"
EndProject
Project("{8BC9CEB8-8B4A-11D0-8D11-00A0C91BC942}") = "semaphore-race", "semaphore-race\semaphore-race.vcxproj", "{3B69BB17-6CDE-45E8-B4F0-23714E41AEB1}"
EndProject
Project("{8BC9CEB8-8B4A-11D0-8D11-00A0C91BC942}") = "cs-race", "cs-race\cs-race.vcxproj", "{43306E4D-7E67-42DA-A714-0D9650A85BB0}"
EndProject
Project("{8BC9CEB8-8B4A-11D0-8D11-00A0C91BC942}") = "cs-norace", "cs-norace\cs-norace.vcxproj", "{4279C206-BDAA-4431-86D7-F96C8AAD8275}"
EndProject
Project("{8BC9CEB8-8B4A-11D0-8D11-00A0C91BC942}") = "waitable-timer", "waitable-timer\waitable-timer.vcxproj", "{5B4CE468-113D-4785-9395-4ABF925191EB}"
EndProject
Project("{8BC9CEB8-8B4A-11D0-8D11-00A0C91BC942}") = "multiple-obj", "multiple-obj\multiple-obj.vcxproj", "{6B4E3715-7FF3-42AD-B40B-995E05EC5D90}"
EndProject
Project("{8BC9CEB8-8B4A-11D0-8D11-00A0C91BC942}") = "semaphore", "semaphore\semaphore.vcxproj", "{34B387EE-5662-421C-A791-5064DDFD6A9A}"
EndProject
Project("{8BC9CEB8-8B4A-11D0-8D11-00A0C91BC942}") = "volatile-race", "volatile-race\volatile-race.vcxproj", "{96AAF23E-3338-4183-8999-1A7E1FBCBAB0}"
EndProject
Project("{8BC9CEB8-8B4A-11D0-8D11-00A0C91BC942}") = "volatile-norace", "volatile-norace\volatile-norace.vcxproj", "{897EE1ED-8C06-463D-9C80-2D52D068CE2E}"
EndProject
Project("{8BC9CEB8-8B4A-11D0-8D11-00A0C91BC942}") = "srw-race", "srw-race\srw-race.vcxproj", "{1E009BCA-14DE-4A8E-A106-B8EB0FB06920}"
EndProject
Project("{8BC9CEB8-8B4A-11D0-8D11-00A0C91BC942}") = "barrier-race", "barrier-race\barrier-race.vcxproj", "{F86161C5-165B-4E8F-AC07-0655FCAA69CF}"
EndProject
Project("{8BC9CEB8-8B4A-11D0-8D11-00A0C91BC942}") = "interlock-norace", "interlock-norace\interlock_norace.vcxproj", "{74EE4D41-94F8-460F-9DA9-7F4D04B625F7}"
EndProject
Project("{8BC9CEB8-8B4A-11D0-8D11-00A0C91BC942}") = "producer-consumer", "producer-consumer\producer-consumer.vcxproj", "{31FBC880-9537-4969-933E-C387D3A3CD41}"
EndProject
Project("{8BC9CEB8-8B4A-11D0-8D11-00A0C91BC942}") = "producer-consumer2", "producer-consumer2\producer-consumer2.vcxproj", "{EB470BBA-F6A2-40B2-ADD2-14468E89F5FE}"
EndProject
Global
	GlobalSection(SolutionConfigurationPlatforms) = preSolution
		Debug|x64 = Debug|x64
		Debug|x86 = Debug|x86
		Release|x64 = Release|x64
		Release|x86 = Release|x86
	EndGlobalSection
	GlobalSection(ProjectConfigurationPlatforms) = postSolution
		{561C64FA-8307-4BED-A056-4E6741E6663A}.Debug|x64.ActiveCfg = Debug|x64
		{561C64FA-8307-4BED-A056-4E6741E6663A}.Debug|x64.Build.0 = Debug|x64
		{561C64FA-8307-4BED-A056-4E6741E6663A}.Debug|x86.ActiveCfg = Debug|Win32
		{561C64FA-8307-4BED-A056-4E6741E6663A}.Debug|x86.Build.0 = Debug|Win32
		{561C64FA-8307-4BED-A056-4E6741E6663A}.Release|x64.ActiveCfg = Release|x64
		{561C64FA-8307-4BED-A056-4E6741E6663A}.Release|x64.Build.0 = Release|x64
		{561C64FA-8307-4BED-A056-4E6741E6663A}.Release|x86.ActiveCfg = Release|Win32
		{561C64FA-8307-4BED-A056-4E6741E6663A}.Release|x86.Build.0 = Release|Win32
		{D857C64D-120A-408C-8105-C47575E9167E}.Debug|x64.ActiveCfg = Debug|x64
		{D857C64D-120A-408C-8105-C47575E9167E}.Debug|x64.Build.0 = Debug|x64
		{D857C64D-120A-408C-8105-C47575E9167E}.Debug|x86.ActiveCfg = Debug|Win32
		{D857C64D-120A-408C-8105-C47575E9167E}.Debug|x86.Build.0 = Debug|Win32
		{D857C64D-120A-408C-8105-C47575E9167E}.Release|x64.ActiveCfg = Release|x64
		{D857C64D-120A-408C-8105-C47575E9167E}.Release|x64.Build.0 = Release|x64
		{D857C64D-120A-408C-8105-C47575E9167E}.Release|x86.ActiveCfg = Release|Win32
		{D857C64D-120A-408C-8105-C47575E9167E}.Release|x86.Build.0 = Release|Win32
		{BED3B828-C517-41D8-B0BF-50098B4186AF}.Debug|x64.ActiveCfg = Debug|x64
		{BED3B828-C517-41D8-B0BF-50098B4186AF}.Debug|x64.Build.0 = Debug|x64
		{BED3B828-C517-41D8-B0BF-50098B4186AF}.Debug|x86.ActiveCfg = Debug|Win32
		{BED3B828-C517-41D8-B0BF-50098B4186AF}.Debug|x86.Build.0 = Debug|Win32
		{BED3B828-C517-41D8-B0BF-50098B4186AF}.Release|x64.ActiveCfg = Release|x64
		{BED3B828-C517-41D8-B0BF-50098B4186AF}.Release|x64.Build.0 = Release|x64
		{BED3B828-C517-41D8-B0BF-50098B4186AF}.Release|x86.ActiveCfg = Release|Win32
		{BED3B828-C517-41D8-B0BF-50098B4186AF}.Release|x86.Build.0 = Release|Win32
		{5CE9B2FA-200A-4404-8344-E8BBB45871CE}.Debug|x64.ActiveCfg = Debug|x64
		{5CE9B2FA-200A-4404-8344-E8BBB45871CE}.Debug|x64.Build.0 = Debug|x64
		{5CE9B2FA-200A-4404-8344-E8BBB45871CE}.Debug|x86.ActiveCfg = Debug|Win32
		{5CE9B2FA-200A-4404-8344-E8BBB45871CE}.Debug|x86.Build.0 = Debug|Win32
		{5CE9B2FA-200A-4404-8344-E8BBB45871CE}.Release|x64.ActiveCfg = Release|x64
		{5CE9B2FA-200A-4404-8344-E8BBB45871CE}.Release|x64.Build.0 = Release|x64
		{5CE9B2FA-200A-4404-8344-E8BBB45871CE}.Release|x86.ActiveCfg = Release|Win32
		{5CE9B2FA-200A-4404-8344-E8BBB45871CE}.Release|x86.Build.0 = Release|Win32
		{3B69BB17-6CDE-45E8-B4F0-23714E41AEB1}.Debug|x64.ActiveCfg = Debug|x64
		{3B69BB17-6CDE-45E8-B4F0-23714E41AEB1}.Debug|x64.Build.0 = Debug|x64
		{3B69BB17-6CDE-45E8-B4F0-23714E41AEB1}.Debug|x86.ActiveCfg = Debug|Win32
		{3B69BB17-6CDE-45E8-B4F0-23714E41AEB1}.Debug|x86.Build.0 = Debug|Win32
		{3B69BB17-6CDE-45E8-B4F0-23714E41AEB1}.Release|x64.ActiveCfg = Release|x64
		{3B69BB17-6CDE-45E8-B4F0-23714E41AEB1}.Release|x64.Build.0 = Release|x64
		{3B69BB17-6CDE-45E8-B4F0-23714E41AEB1}.Release|x86.ActiveCfg = Release|Win32
		{3B69BB17-6CDE-45E8-B4F0-23714E41AEB1}.Release|x86.Build.0 = Release|Win32
		{43306E4D-7E67-42DA-A714-0D9650A85BB0}.Debug|x64.ActiveCfg = Debug|x64
		{43306E4D-7E67-42DA-A714-0D9650A85BB0}.Debug|x64.Build.0 = Debug|x64
		{43306E4D-7E67-42DA-A714-0D9650A85BB0}.Debug|x86.ActiveCfg = Debug|Win32
		{43306E4D-7E67-42DA-A714-0D9650A85BB0}.Debug|x86.Build.0 = Debug|Win32
		{43306E4D-7E67-42DA-A714-0D9650A85BB0}.Release|x64.ActiveCfg = Release|x64
		{43306E4D-7E67-42DA-A714-0D9650A85BB0}.Release|x64.Build.0 = Release|x64
		{43306E4D-7E67-42DA-A714-0D9650A85BB0}.Release|x86.ActiveCfg = Release|Win32
		{43306E4D-7E67-42DA-A714-0D9650A85BB0}.Release|x86.Build.0 = Release|Win32
		{4279C206-BDAA-4431-86D7-F96C8AAD8275}.Debug|x64.ActiveCfg = Debug|x64
		{4279C206-BDAA-4431-86D7-F96C8AAD8275}.Debug|x64.Build.0 = Debug|x64
		{4279C206-BDAA-4431-86D7-F96C8AAD8275}.Debug|x86.ActiveCfg = Debug|Win32
		{4279C206-BDAA-4431-86D7-F96C8AAD8275}.Debug|x86.Build.0 = Debug|Win32
		{4279C206-BDAA-4431-86D7-F96C8AAD8275}.Release|x64.ActiveCfg = Release|x64
		{4279C206-BDAA-4431-86D7-F96C8AAD8275}.Release|x64.Build.0 = Release|x64
		{4279C206-BDAA-4431-86D7-F96C8AAD8275}.Release|x86.ActiveCfg = Release|Win32
		{4279C206-BDAA-4431-86D7-F96C8AAD8275}.Release|x86.Build.0 = Release|Win32
		{5B4CE468-113D-4785-9395-4ABF925191EB}.Debug|x64.ActiveCfg = Debug|x64
		{5B4CE468-113D-4785-9395-4ABF925191EB}.Debug|x64.Build.0 = Debug|x64
		{5B4CE468-113D-4785-9395-4ABF925191EB}.Debug|x86.ActiveCfg = Debug|Win32
		{5B4CE468-113D-4785-9395-4ABF925191EB}.Debug|x86.Build.0 = Debug|Win32
		{5B4CE468-113D-4785-9395-4ABF925191EB}.Release|x64.ActiveCfg = Release|x64
		{5B4CE468-113D-4785-9395-4ABF925191EB}.Release|x64.Build.0 = Release|x64
		{5B4CE468-113D-4785-9395-4ABF925191EB}.Release|x86.ActiveCfg = Release|Win32
		{5B4CE468-113D-4785-9395-4ABF925191EB}.Release|x86.Build.0 = Release|Win32
		{6B4E3715-7FF3-42AD-B40B-995E05EC5D90}.Debug|x64.ActiveCfg = Debug|x64
		{6B4E3715-7FF3-42AD-B40B-995E05EC5D90}.Debug|x64.Build.0 = Debug|x64
		{6B4E3715-7FF3-42AD-B40B-995E05EC5D90}.Debug|x86.ActiveCfg = Debug|Win32
		{6B4E3715-7FF3-42AD-B40B-995E05EC5D90}.Debug|x86.Build.0 = Debug|Win32
		{6B4E3715-7FF3-42AD-B40B-995E05EC5D90}.Release|x64.ActiveCfg = Release|x64
		{6B4E3715-7FF3-42AD-B40B-995E05EC5D90}.Release|x64.Build.0 = Release|x64
		{6B4E3715-7FF3-42AD-B40B-995E05EC5D90}.Release|x86.ActiveCfg = Release|Win32
		{6B4E3715-7FF3-42AD-B40B-995E05EC5D90}.Release|x86.Build.0 = Release|Win32
		{34B387EE-5662-421C-A791-5064DDFD6A9A}.Debug|x64.ActiveCfg = Debug|x64
		{34B387EE-5662-421C-A791-5064DDFD6A9A}.Debug|x64.Build.0 = Debug|x64
		{34B387EE-5662-421C-A791-5064DDFD6A9A}.Debug|x86.ActiveCfg = Debug|Win32
		{34B387EE-5662-421C-A791-5064DDFD6A9A}.Debug|x86.Build.0 = Debug|Win32
		{34B387EE-5662-421C-A791-5064DDFD6A9A}.Release|x64.ActiveCfg = Release|x64
		{34B387EE-5662-421C-A791-5064DDFD6A9A}.Release|x64.Build.0 = Release|x64
		{34B387EE-5662-421C-A791-5064DDFD6A9A}.Release|x86.ActiveCfg = Release|Win32
		{34B387EE-5662-421C-A791-5064DDFD6A9A}.Release|x86.Build.0 = Release|Win32
		{96AAF23E-3338-4183-8999-1A7E1FBCBAB0}.Debug|x64.ActiveCfg = Debug|x64
		{96AAF23E-3338-4183-8999-1A7E1FBCBAB0}.Debug|x64.Build.0 = Debug|x64
		{96AAF23E-3338-4183-8999-1A7E1FBCBAB0}.Debug|x86.ActiveCfg = Debug|Win32
		{96AAF23E-3338-4183-8999-1A7E1FBCBAB0}.Debug|x86.Build.0 = Debug|Win32
		{96AAF23E-3338-4183-8999-1A7E1FBCBAB0}.Release|x64.ActiveCfg = Release|x64
		{96AAF23E-3338-4183-8999-1A7E1FBCBAB0}.Release|x64.Build.0 = Release|x64
		{96AAF23E-3338-4183-8999-1A7E1FBCBAB0}.Release|x86.ActiveCfg = Release|Win32
		{96AAF23E-3338-4183-8999-1A7E1FBCBAB0}.Release|x86.Build.0 = Release|Win32
		{897EE1ED-8C06-463D-9C80-2D52D068CE2E}.Debug|x64.ActiveCfg = Debug|x64
		{897EE1ED-8C06-463D-9C80-2D52D068CE2E}.Debug|x64.Build.0 = Debug|x64
		{897EE1ED-8C06-463D-9C80-2D52D068CE2E}.Debug|x86.ActiveCfg = Debug|Win32
		{897EE1ED-8C06-463D-9C80-2D52D068CE2E}.Debug|x86.Build.0 = Debug|Win32
		{897EE1ED-8C06-463D-9C80-2D52D068CE2E}.Release|x64.ActiveCfg = Release|x64
		{897EE1ED-8C06-463D-9C80-2D52D068CE2E}.Release|x64.Build.0 = Release|x64
		{897EE1ED-8C06-463D-9C80-2D52D068CE2E}.Release|x86.ActiveCfg = Release|Win32
		{897EE1ED-8C06-463D-9C80-2D52D068CE2E}.Release|x86.Build.0 = Release|Win32
		{1E009BCA-14DE-4A8E-A106-B8EB0FB06920}.Debug|x64.ActiveCfg = Debug|x64
		{1E009BCA-14DE-4A8E-A106-B8EB0FB06920}.Debug|x64.Build.0 = Debug|x64
		{1E009BCA-14DE-4A8E-A106-B8EB0FB06920}.Debug|x86.ActiveCfg = Debug|Win32
		{1E009BCA-14DE-4A8E-A106-B8EB0FB06920}.Debug|x86.Build.0 = Debug|Win32
		{1E009BCA-14DE-4A8E-A106-B8EB0FB06920}.Release|x64.ActiveCfg = Release|x64
		{1E009BCA-14DE-4A8E-A106-B8EB0FB06920}.Release|x64.Build.0 = Release|x64
		{1E009BCA-14DE-4A8E-A106-B8EB0FB06920}.Release|x86.ActiveCfg = Release|Win32
		{1E009BCA-14DE-4A8E-A106-B8EB0FB06920}.Release|x86.Build.0 = Release|Win32
		{F86161C5-165B-4E8F-AC07-0655FCAA69CF}.Debug|x64.ActiveCfg = Debug|x64
		{F86161C5-165B-4E8F-AC07-0655FCAA69CF}.Debug|x64.Build.0 = Debug|x64
		{F86161C5-165B-4E8F-AC07-0655FCAA69CF}.Debug|x86.ActiveCfg = Debug|Win32
		{F86161C5-165B-4E8F-AC07-0655FCAA69CF}.Debug|x86.Build.0 = Debug|Win32
		{F86161C5-165B-4E8F-AC07-0655FCAA69CF}.Release|x64.ActiveCfg = Release|x64
		{F86161C5-165B-4E8F-AC07-0655FCAA69CF}.Release|x64.Build.0 = Release|x64
		{F86161C5-165B-4E8F-AC07-0655FCAA69CF}.Release|x86.ActiveCfg = Release|Win32
		{F86161C5-165B-4E8F-AC07-0655FCAA69CF}.Release|x86.Build.0 = Release|Win32
		{74EE4D41-94F8-460F-9DA9-7F4D04B625F7}.Debug|x64.ActiveCfg = Debug|x64
		{74EE4D41-94F8-460F-9DA9-7F4D04B625F7}.Debug|x64.Build.0 = Debug|x64
		{74EE4D41-94F8-460F-9DA9-7F4D04B625F7}.Debug|x86.ActiveCfg = Debug|Win32
		{74EE4D41-94F8-460F-9DA9-7F4D04B625F7}.Debug|x86.Build.0 = Debug|Win32
		{74EE4D41-94F8-460F-9DA9-7F4D04B625F7}.Release|x64.ActiveCfg = Release|x64
		{74EE4D41-94F8-460F-9DA9-7F4D04B625F7}.Release|x64.Build.0 = Release|x64
		{74EE4D41-94F8-460F-9DA9-7F4D04B625F7}.Release|x86.ActiveCfg = Release|Win32
		{74EE4D41-94F8-460F-9DA9-7F4D04B625F7}.Release|x86.Build.0 = Release|Win32
		{31FBC880-9537-4969-933E-C387D3A3CD41}.Debug|x64.ActiveCfg = Debug|x64
		{31FBC880-9537-4969-933E-C387D3A3CD41}.Debug|x64.Build.0 = Debug|x64
		{31FBC880-9537-4969-933E-C387D3A3CD41}.Debug|x86.ActiveCfg = Debug|Win32
		{31FBC880-9537-4969-933E-C387D3A3CD41}.Debug|x86.Build.0 = Debug|Win32
		{31FBC880-9537-4969-933E-C387D3A3CD41}.Release|x64.ActiveCfg = Release|x64
		{31FBC880-9537-4969-933E-C387D3A3CD41}.Release|x64.Build.0 = Release|x64
		{31FBC880-9537-4969-933E-C387D3A3CD41}.Release|x86.ActiveCfg = Release|Win32
		{31FBC880-9537-4969-933E-C387D3A3CD41}.Release|x86.Build.0 = Release|Win32
		{EB470BBA-F6A2-40B2-ADD2-14468E89F5FE}.Debug|x64.ActiveCfg = Debug|x64
		{EB470BBA-F6A2-40B2-ADD2-14468E89F5FE}.Debug|x64.Build.0 = Debug|x64
		{EB470BBA-F6A2-40B2-ADD2-14468E89F5FE}.Debug|x86.ActiveCfg = Debug|Win32
		{EB470BBA-F6A2-40B2-ADD2-14468E89F5FE}.Debug|x86.Build.0 = Debug|Win32
		{EB470BBA-F6A2-40B2-ADD2-14468E89F5FE}.Release|x64.ActiveCfg = Release|x64
		{EB470BBA-F6A2-40B2-ADD2-14468E89F5FE}.Release|x64.Build.0 = Release|x64
		{EB470BBA-F6A2-40B2-ADD2-14468E89F5FE}.Release|x86.ActiveCfg = Release|Win32
		{EB470BBA-F6A2-40B2-ADD2-14468E89F5FE}.Release|x86.Build.0 = Release|Win32
	EndGlobalSection
	GlobalSection(SolutionProperties) = preSolution
		HideSolutionNode = FALSE
	EndGlobalSection
	GlobalSection(ExtensibilityGlobals) = postSolution
		SolutionGuid = {A3424F72-E7F4-4AD4-9C42-ED1F5B50DF82}
	EndGlobalSection
EndGlobal
