
Microsoft Visual Studio Solution File, Format Version 12.00
# Visual Studio Version 16
VisualStudioVersion = 16.0.30717.126
MinimumVisualStudioVersion = 10.0.40219.1
Project("{8BC9CEB8-8B4A-11D0-8D11-00A0C91BC942}") = "libear-win", "Libear-win\Libear-win.vcxproj", "{D181C0BB-3907-4DE1-A5B0-F0D280A28CA6}"
	ProjectSection(ProjectDependencies) = postProject
		{37489709-8054-4903-9C49-A79846049FC9} = {37489709-8054-4903-9C49-A79846049FC9}
		{A9F37128-6859-4869-892F-C6E5BB2F470A} = {A9F37128-6859-4869-892F-C6E5BB2F470A}
	EndProjectSection
EndProject
Project("{8BC9CEB8-8B4A-11D0-8D11-00A0C91BC942}") = "libear", "libear\libear.vcxproj", "{A9F37128-6859-4869-892F-C6E5BB2F470A}"
	ProjectSection(ProjectDependencies) = postProject
		{37489709-8054-4903-9C49-A79846049FC9} = {37489709-8054-4903-9C49-A79846049FC9}
	EndProjectSection
EndProject
Project("{8BC9CEB8-8B4A-11D0-8D11-00A0C91BC942}") = "Detours", "detours\vc\Detours.vcxproj", "{37489709-8054-4903-9C49-A79846049FC9}"
EndProject
Project("{8BC9CEB8-8B4A-11D0-8D11-00A0C91BC942}") = "logger", "logger\logger.vcxproj", "{988CFBB2-DDF7-41F2-A609-FF7AF1CEC2FB}"
EndProject
Global
	GlobalSection(SolutionConfigurationPlatforms) = preSolution
		Debug|x64 = Debug|x64
		Debug|x86 = Debug|x86
		DebugMDd|x64 = DebugMDd|x64
		DebugMDd|x86 = DebugMDd|x86
		MinSizeRel|x64 = MinSizeRel|x64
		MinSizeRel|x86 = MinSizeRel|x86
		Release|x64 = Release|x64
		Release|x86 = Release|x86
		ReleaseMD|x64 = ReleaseMD|x64
		ReleaseMD|x86 = ReleaseMD|x86
		RelWithDebInfo|x64 = RelWithDebInfo|x64
		RelWithDebInfo|x86 = RelWithDebInfo|x86
	EndGlobalSection
	GlobalSection(ProjectConfigurationPlatforms) = postSolution
		{D181C0BB-3907-4DE1-A5B0-F0D280A28CA6}.Debug|x64.ActiveCfg = Debug|x64
		{D181C0BB-3907-4DE1-A5B0-F0D280A28CA6}.Debug|x64.Build.0 = Debug|x64
		{D181C0BB-3907-4DE1-A5B0-F0D280A28CA6}.Debug|x86.ActiveCfg = Debug|Win32
		{D181C0BB-3907-4DE1-A5B0-F0D280A28CA6}.Debug|x86.Build.0 = Debug|Win32
		{D181C0BB-3907-4DE1-A5B0-F0D280A28CA6}.DebugMDd|x64.ActiveCfg = Debug|x64
		{D181C0BB-3907-4DE1-A5B0-F0D280A28CA6}.DebugMDd|x64.Build.0 = Debug|x64
		{D181C0BB-3907-4DE1-A5B0-F0D280A28CA6}.DebugMDd|x86.ActiveCfg = Debug|Win32
		{D181C0BB-3907-4DE1-A5B0-F0D280A28CA6}.DebugMDd|x86.Build.0 = Debug|Win32
		{D181C0BB-3907-4DE1-A5B0-F0D280A28CA6}.MinSizeRel|x64.ActiveCfg = Release|x64
		{D181C0BB-3907-4DE1-A5B0-F0D280A28CA6}.MinSizeRel|x64.Build.0 = Release|x64
		{D181C0BB-3907-4DE1-A5B0-F0D280A28CA6}.MinSizeRel|x86.ActiveCfg = Release|Win32
		{D181C0BB-3907-4DE1-A5B0-F0D280A28CA6}.MinSizeRel|x86.Build.0 = Release|Win32
		{D181C0BB-3907-4DE1-A5B0-F0D280A28CA6}.Release|x64.ActiveCfg = Release|x64
		{D181C0BB-3907-4DE1-A5B0-F0D280A28CA6}.Release|x64.Build.0 = Release|x64
		{D181C0BB-3907-4DE1-A5B0-F0D280A28CA6}.Release|x86.ActiveCfg = Release|Win32
		{D181C0BB-3907-4DE1-A5B0-F0D280A28CA6}.Release|x86.Build.0 = Release|Win32
		{D181C0BB-3907-4DE1-A5B0-F0D280A28CA6}.ReleaseMD|x64.ActiveCfg = Release|x64
		{D181C0BB-3907-4DE1-A5B0-F0D280A28CA6}.ReleaseMD|x64.Build.0 = Release|x64
		{D181C0BB-3907-4DE1-A5B0-F0D280A28CA6}.ReleaseMD|x86.ActiveCfg = Release|Win32
		{D181C0BB-3907-4DE1-A5B0-F0D280A28CA6}.ReleaseMD|x86.Build.0 = Release|Win32
		{D181C0BB-3907-4DE1-A5B0-F0D280A28CA6}.RelWithDebInfo|x64.ActiveCfg = Release|x64
		{D181C0BB-3907-4DE1-A5B0-F0D280A28CA6}.RelWithDebInfo|x64.Build.0 = Release|x64
		{D181C0BB-3907-4DE1-A5B0-F0D280A28CA6}.RelWithDebInfo|x86.ActiveCfg = Release|Win32
		{D181C0BB-3907-4DE1-A5B0-F0D280A28CA6}.RelWithDebInfo|x86.Build.0 = Release|Win32
		{A9F37128-6859-4869-892F-C6E5BB2F470A}.Debug|x64.ActiveCfg = Debug|x64
		{A9F37128-6859-4869-892F-C6E5BB2F470A}.Debug|x64.Build.0 = Debug|x64
		{A9F37128-6859-4869-892F-C6E5BB2F470A}.Debug|x86.ActiveCfg = Debug|Win32
		{A9F37128-6859-4869-892F-C6E5BB2F470A}.Debug|x86.Build.0 = Debug|Win32
		{A9F37128-6859-4869-892F-C6E5BB2F470A}.DebugMDd|x64.ActiveCfg = Debug|x64
		{A9F37128-6859-4869-892F-C6E5BB2F470A}.DebugMDd|x64.Build.0 = Debug|x64
		{A9F37128-6859-4869-892F-C6E5BB2F470A}.DebugMDd|x86.ActiveCfg = Debug|Win32
		{A9F37128-6859-4869-892F-C6E5BB2F470A}.DebugMDd|x86.Build.0 = Debug|Win32
		{A9F37128-6859-4869-892F-C6E5BB2F470A}.MinSizeRel|x64.ActiveCfg = Release|x64
		{A9F37128-6859-4869-892F-C6E5BB2F470A}.MinSizeRel|x64.Build.0 = Release|x64
		{A9F37128-6859-4869-892F-C6E5BB2F470A}.MinSizeRel|x86.ActiveCfg = Release|Win32
		{A9F37128-6859-4869-892F-C6E5BB2F470A}.MinSizeRel|x86.Build.0 = Release|Win32
		{A9F37128-6859-4869-892F-C6E5BB2F470A}.Release|x64.ActiveCfg = Release|x64
		{A9F37128-6859-4869-892F-C6E5BB2F470A}.Release|x64.Build.0 = Release|x64
		{A9F37128-6859-4869-892F-C6E5BB2F470A}.Release|x86.ActiveCfg = Release|Win32
		{A9F37128-6859-4869-892F-C6E5BB2F470A}.Release|x86.Build.0 = Release|Win32
		{A9F37128-6859-4869-892F-C6E5BB2F470A}.ReleaseMD|x64.ActiveCfg = Release|x64
		{A9F37128-6859-4869-892F-C6E5BB2F470A}.ReleaseMD|x64.Build.0 = Release|x64
		{A9F37128-6859-4869-892F-C6E5BB2F470A}.ReleaseMD|x86.ActiveCfg = Release|Win32
		{A9F37128-6859-4869-892F-C6E5BB2F470A}.ReleaseMD|x86.Build.0 = Release|Win32
		{A9F37128-6859-4869-892F-C6E5BB2F470A}.RelWithDebInfo|x64.ActiveCfg = Release|x64
		{A9F37128-6859-4869-892F-C6E5BB2F470A}.RelWithDebInfo|x64.Build.0 = Release|x64
		{A9F37128-6859-4869-892F-C6E5BB2F470A}.RelWithDebInfo|x86.ActiveCfg = Release|Win32
		{A9F37128-6859-4869-892F-C6E5BB2F470A}.RelWithDebInfo|x86.Build.0 = Release|Win32
		{37489709-8054-4903-9C49-A79846049FC9}.Debug|x64.ActiveCfg = Debug|x64
		{37489709-8054-4903-9C49-A79846049FC9}.Debug|x64.Build.0 = Debug|x64
		{37489709-8054-4903-9C49-A79846049FC9}.Debug|x86.ActiveCfg = Debug|Win32
		{37489709-8054-4903-9C49-A79846049FC9}.Debug|x86.Build.0 = Debug|Win32
		{37489709-8054-4903-9C49-A79846049FC9}.DebugMDd|x64.ActiveCfg = Debug|x64
		{37489709-8054-4903-9C49-A79846049FC9}.DebugMDd|x64.Build.0 = Debug|x64
		{37489709-8054-4903-9C49-A79846049FC9}.DebugMDd|x86.ActiveCfg = Debug|Win32
		{37489709-8054-4903-9C49-A79846049FC9}.DebugMDd|x86.Build.0 = Debug|Win32
		{37489709-8054-4903-9C49-A79846049FC9}.MinSizeRel|x64.ActiveCfg = Release|x64
		{37489709-8054-4903-9C49-A79846049FC9}.MinSizeRel|x64.Build.0 = Release|x64
		{37489709-8054-4903-9C49-A79846049FC9}.MinSizeRel|x86.ActiveCfg = Release|Win32
		{37489709-8054-4903-9C49-A79846049FC9}.MinSizeRel|x86.Build.0 = Release|Win32
		{37489709-8054-4903-9C49-A79846049FC9}.Release|x64.ActiveCfg = Release|x64
		{37489709-8054-4903-9C49-A79846049FC9}.Release|x64.Build.0 = Release|x64
		{37489709-8054-4903-9C49-A79846049FC9}.Release|x86.ActiveCfg = Release|Win32
		{37489709-8054-4903-9C49-A79846049FC9}.Release|x86.Build.0 = Release|Win32
		{37489709-8054-4903-9C49-A79846049FC9}.ReleaseMD|x64.ActiveCfg = Release|x64
		{37489709-8054-4903-9C49-A79846049FC9}.ReleaseMD|x64.Build.0 = Release|x64
		{37489709-8054-4903-9C49-A79846049FC9}.ReleaseMD|x86.ActiveCfg = Release|Win32
		{37489709-8054-4903-9C49-A79846049FC9}.ReleaseMD|x86.Build.0 = Release|Win32
		{37489709-8054-4903-9C49-A79846049FC9}.RelWithDebInfo|x64.ActiveCfg = Release|x64
		{37489709-8054-4903-9C49-A79846049FC9}.RelWithDebInfo|x64.Build.0 = Release|x64
		{37489709-8054-4903-9C49-A79846049FC9}.RelWithDebInfo|x86.ActiveCfg = Release|Win32
		{37489709-8054-4903-9C49-A79846049FC9}.RelWithDebInfo|x86.Build.0 = Release|Win32
		{988CFBB2-DDF7-41F2-A609-FF7AF1CEC2FB}.Debug|x64.ActiveCfg = Debug|x64
		{988CFBB2-DDF7-41F2-A609-FF7AF1CEC2FB}.Debug|x64.Build.0 = Debug|x64
		{988CFBB2-DDF7-41F2-A609-FF7AF1CEC2FB}.Debug|x86.ActiveCfg = Debug|Win32
		{988CFBB2-DDF7-41F2-A609-FF7AF1CEC2FB}.Debug|x86.Build.0 = Debug|Win32
		{988CFBB2-DDF7-41F2-A609-FF7AF1CEC2FB}.DebugMDd|x64.ActiveCfg = Debug|x64
		{988CFBB2-DDF7-41F2-A609-FF7AF1CEC2FB}.DebugMDd|x64.Build.0 = Debug|x64
		{988CFBB2-DDF7-41F2-A609-FF7AF1CEC2FB}.DebugMDd|x86.ActiveCfg = Debug|Win32
		{988CFBB2-DDF7-41F2-A609-FF7AF1CEC2FB}.DebugMDd|x86.Build.0 = Debug|Win32
		{988CFBB2-DDF7-41F2-A609-FF7AF1CEC2FB}.MinSizeRel|x64.ActiveCfg = Debug|x64
		{988CFBB2-DDF7-41F2-A609-FF7AF1CEC2FB}.MinSizeRel|x64.Build.0 = Debug|x64
		{988CFBB2-DDF7-41F2-A609-FF7AF1CEC2FB}.MinSizeRel|x86.ActiveCfg = Debug|Win32
		{988CFBB2-DDF7-41F2-A609-FF7AF1CEC2FB}.MinSizeRel|x86.Build.0 = Debug|Win32
		{988CFBB2-DDF7-41F2-A609-FF7AF1CEC2FB}.Release|x64.ActiveCfg = Release|x64
		{988CFBB2-DDF7-41F2-A609-FF7AF1CEC2FB}.Release|x64.Build.0 = Release|x64
		{988CFBB2-DDF7-41F2-A609-FF7AF1CEC2FB}.Release|x86.ActiveCfg = Release|Win32
		{988CFBB2-DDF7-41F2-A609-FF7AF1CEC2FB}.Release|x86.Build.0 = Release|Win32
		{988CFBB2-DDF7-41F2-A609-FF7AF1CEC2FB}.ReleaseMD|x64.ActiveCfg = Release|x64
		{988CFBB2-DDF7-41F2-A609-FF7AF1CEC2FB}.ReleaseMD|x64.Build.0 = Release|x64
		{988CFBB2-DDF7-41F2-A609-FF7AF1CEC2FB}.ReleaseMD|x86.ActiveCfg = Release|Win32
		{988CFBB2-DDF7-41F2-A609-FF7AF1CEC2FB}.ReleaseMD|x86.Build.0 = Release|Win32
		{988CFBB2-DDF7-41F2-A609-FF7AF1CEC2FB}.RelWithDebInfo|x64.ActiveCfg = Release|x64
		{988CFBB2-DDF7-41F2-A609-FF7AF1CEC2FB}.RelWithDebInfo|x64.Build.0 = Release|x64
		{988CFBB2-DDF7-41F2-A609-FF7AF1CEC2FB}.RelWithDebInfo|x86.ActiveCfg = Release|Win32
		{988CFBB2-DDF7-41F2-A609-FF7AF1CEC2FB}.RelWithDebInfo|x86.Build.0 = Release|Win32
	EndGlobalSection
	GlobalSection(SolutionProperties) = preSolution
		HideSolutionNode = FALSE
	EndGlobalSection
	GlobalSection(ExtensibilityGlobals) = postSolution
		SolutionGuid = {5F26136F-F4E6-478F-96D8-5FD2EA330F67}
	EndGlobalSection
EndGlobal
