
Microsoft Visual Studio Solution File, Format Version 12.00
# Visual Studio Version 16
VisualStudioVersion = 16.0.30804.86
MinimumVisualStudioVersion = 10.0.40219.1
Project("{8BC9CEB8-8B4A-11D0-8D11-00A0C91BC942}") = "hellolib", "hellolib\hellolib.vcxproj", "{20496AB4-8132-4FD0-9D27-C4A67E140CF3}"
EndProject
Project("{8BC9CEB8-8B4A-11D0-8D11-00A0C91BC942}") = "helloclient", "helloclient\helloclient.vcxproj", "{C8151757-D83A-4DE8-99A6-383F8049241E}"
EndProject
Project("{8BC9CEB8-8B4A-11D0-8D11-00A0C91BC942}") = "hellogui", "hellogui\hellogui.vcxproj", "{40CE3E6C-7957-4E39-9C72-82D5B4BC8F29}"
EndProject
Global
	GlobalSection(SolutionConfigurationPlatforms) = preSolution
		Debug|x64 = Debug|x64
		Debug|x86 = Debug|x86
		Release|x64 = Release|x64
		Release|x86 = Release|x86
	EndGlobalSection
	GlobalSection(ProjectConfigurationPlatforms) = postSolution
		{20496AB4-8132-4FD0-9D27-C4A67E140CF3}.Debug|x64.ActiveCfg = Debug|x64
		{20496AB4-8132-4FD0-9D27-C4A67E140CF3}.Debug|x64.Build.0 = Debug|x64
		{20496AB4-8132-4FD0-9D27-C4A67E140CF3}.Debug|x86.ActiveCfg = Debug|Win32
		{20496AB4-8132-4FD0-9D27-C4A67E140CF3}.Debug|x86.Build.0 = Debug|Win32
		{20496AB4-8132-4FD0-9D27-C4A67E140CF3}.Release|x64.ActiveCfg = Release|x64
		{20496AB4-8132-4FD0-9D27-C4A67E140CF3}.Release|x64.Build.0 = Release|x64
		{20496AB4-8132-4FD0-9D27-C4A67E140CF3}.Release|x86.ActiveCfg = Release|Win32
		{20496AB4-8132-4FD0-9D27-C4A67E140CF3}.Release|x86.Build.0 = Release|Win32
		{C8151757-D83A-4DE8-99A6-383F8049241E}.Debug|x64.ActiveCfg = Debug|x64
		{C8151757-D83A-4DE8-99A6-383F8049241E}.Debug|x64.Build.0 = Debug|x64
		{C8151757-D83A-4DE8-99A6-383F8049241E}.Debug|x86.ActiveCfg = Debug|Win32
		{C8151757-D83A-4DE8-99A6-383F8049241E}.Debug|x86.Build.0 = Debug|Win32
		{C8151757-D83A-4DE8-99A6-383F8049241E}.Release|x64.ActiveCfg = Release|x64
		{C8151757-D83A-4DE8-99A6-383F8049241E}.Release|x64.Build.0 = Release|x64
		{C8151757-D83A-4DE8-99A6-383F8049241E}.Release|x86.ActiveCfg = Release|Win32
		{C8151757-D83A-4DE8-99A6-383F8049241E}.Release|x86.Build.0 = Release|Win32
		{40CE3E6C-7957-4E39-9C72-82D5B4BC8F29}.Debug|x64.ActiveCfg = Debug|x64
		{40CE3E6C-7957-4E39-9C72-82D5B4BC8F29}.Debug|x64.Build.0 = Debug|x64
		{40CE3E6C-7957-4E39-9C72-82D5B4BC8F29}.Debug|x86.ActiveCfg = Debug|Win32
		{40CE3E6C-7957-4E39-9C72-82D5B4BC8F29}.Debug|x86.Build.0 = Debug|Win32
		{40CE3E6C-7957-4E39-9C72-82D5B4BC8F29}.Release|x64.ActiveCfg = Release|x64
		{40CE3E6C-7957-4E39-9C72-82D5B4BC8F29}.Release|x64.Build.0 = Release|x64
		{40CE3E6C-7957-4E39-9C72-82D5B4BC8F29}.Release|x86.ActiveCfg = Release|Win32
		{40CE3E6C-7957-4E39-9C72-82D5B4BC8F29}.Release|x86.Build.0 = Release|Win32
	EndGlobalSection
	GlobalSection(SolutionProperties) = preSolution
		HideSolutionNode = FALSE
	EndGlobalSection
	GlobalSection(ExtensibilityGlobals) = postSolution
		SolutionGuid = {11E24988-9832-4E2F-BC42-34F7A3C79CED}
	EndGlobalSection
EndGlobal
